
Microsoft Visual Studio Solution File, Format Version 12.00
# Visual Studio Version 17
VisualStudioVersion = 17.7.34024.191
MinimumVisualStudioVersion = 10.0.40219.1
Project("{2150E333-8FDC-42A3-9474-1A3956D46DE8}") = "Task0", "Task0", "{B7A1319E-DF42-4193-93D9-E0C46A9F8660}"
EndProject
Project("{FAE04EC0-301F-11D3-BF4B-00C04F79EFBC}") = "Tyuiu.AgafonovKS.Sprint3.Task0.V27", "Tyuiu.AgafonovKS.Sprint3.Task0.V27\Tyuiu.AgafonovKS.Sprint3.Task0.V27.csproj", "{E7E0879A-DB82-46F9-964A-CA966A0B3C51}"
EndProject
Project("{FAE04EC0-301F-11D3-BF4B-00C04F79EFBC}") = "Tyuiu.AgafonovKS.Sprint3.Task0.V27.Lib", "Tyuiu.AgafonovKS.Sprint3.Task0.V27.Lib\Tyuiu.AgafonovKS.Sprint3.Task0.V27.Lib.csproj", "{E56EF0D1-6967-4596-B3B5-B8E97CE2FC2B}"
EndProject
Project("{FAE04EC0-301F-11D3-BF4B-00C04F79EFBC}") = "Tyuiu.AgafonovKS.Sprint3.Task0.V27.Test", "Tyuiu.AgafonovKS.Sprint3.Task0.V27.Test\Tyuiu.AgafonovKS.Sprint3.Task0.V27.Test.csproj", "{67AFEA1F-79B0-4BBA-9756-1FE2672AFF2D}"
EndProject
Project("{2150E333-8FDC-42A3-9474-1A3956D46DE8}") = "Task1", "Task1", "{6374926C-8CFA-4244-8EF8-2B8DD8C436E5}"
EndProject
Project("{FAE04EC0-301F-11D3-BF4B-00C04F79EFBC}") = "Tyuiu.AgafonovKS.Sprint3.Task1.V15", "Tyuiu.AgafonovKS.Sprint3.Task1.V15\Tyuiu.AgafonovKS.Sprint3.Task1.V15.csproj", "{8DE73301-2DBA-47BE-B819-0386416BA1BA}"
EndProject
Project("{FAE04EC0-301F-11D3-BF4B-00C04F79EFBC}") = "Tyuiu.AgafonovKS.Sprint3.Task1.V15.Lib", "Tyuiu.AgafonovKS.Sprint3.Task1.V15.Lib\Tyuiu.AgafonovKS.Sprint3.Task1.V15.Lib.csproj", "{F07CE9CA-7FC0-424D-8D34-EA91FCA9F925}"
EndProject
Project("{FAE04EC0-301F-11D3-BF4B-00C04F79EFBC}") = "Tyuiu.AgafonovKS.Sprint3.Task1.V15.Test", "Tyuiu.AgafonovKS.Sprint3.Task1.V15.Test\Tyuiu.AgafonovKS.Sprint3.Task1.V15.Test.csproj", "{C4A57114-0661-4C0C-A8D9-6B1F55A81A32}"
EndProject
Project("{2150E333-8FDC-42A3-9474-1A3956D46DE8}") = "Task2", "Task2", "{91F32380-C353-4A94-A870-D2168AA81470}"
EndProject
Project("{FAE04EC0-301F-11D3-BF4B-00C04F79EFBC}") = "Tyuiu.AgafonovKS.Sprint3.Task2.V1", "Tyuiu.AgafonovKS.Sprint3.Task2.V1\Tyuiu.AgafonovKS.Sprint3.Task2.V1.csproj", "{73A40129-C353-41CA-946E-010DFD481D7B}"
EndProject
Project("{FAE04EC0-301F-11D3-BF4B-00C04F79EFBC}") = "Tyuiu.AgafonovKS.Sprint3.Task2.V1.Lib", "Tyuiu.AgafonovKS.Sprint3.Task2.V1.Lib\Tyuiu.AgafonovKS.Sprint3.Task2.V1.Lib.csproj", "{2E07E544-EC59-4316-833D-C18A81A165ED}"
EndProject
Project("{FAE04EC0-301F-11D3-BF4B-00C04F79EFBC}") = "Tyuiu.AgafonovKS.Sprint3.Task2.V1.Test", "Tyuiu.AgafonovKS.Sprint3.Task2.V1.Test\Tyuiu.AgafonovKS.Sprint3.Task2.V1.Test.csproj", "{3C5666DE-49C2-4BB4-8E3A-A8BEEAEC7EA3}"
EndProject
Project("{2150E333-8FDC-42A3-9474-1A3956D46DE8}") = "Task3", "Task3", "{7EA620B5-7535-4536-8872-560B2455C7AA}"
EndProject
Project("{FAE04EC0-301F-11D3-BF4B-00C04F79EFBC}") = "Tyuiu.AgafonovKS.Sprint3.Task3.V10", "Tyuiu.AgafonovKS.Sprint3.Task3.V10\Tyuiu.AgafonovKS.Sprint3.Task3.V10.csproj", "{7F31B581-0B50-496F-AD14-41D4962D1214}"
EndProject
Project("{FAE04EC0-301F-11D3-BF4B-00C04F79EFBC}") = "Tyuiu.AgafonovKS.Sprint3.Task3.V10.Lib", "Tyuiu.AgafonovKS.Sprint3.Task3.V10.Lib\Tyuiu.AgafonovKS.Sprint3.Task3.V10.Lib.csproj", "{85DB8835-DC26-4D5D-86AD-CBB2C11C892C}"
EndProject
Project("{FAE04EC0-301F-11D3-BF4B-00C04F79EFBC}") = "Tyuiu.AgafonovKS.Sprint3.Task3.V10.Test", "Tyuiu.AgafonovKS.Sprint3.Task3.V10.Test\Tyuiu.AgafonovKS.Sprint3.Task3.V10.Test.csproj", "{7E4BECE1-CDFA-4F5C-BE13-8A8D952BBA47}"
EndProject
Project("{2150E333-8FDC-42A3-9474-1A3956D46DE8}") = "Task4", "Task4", "{7CE7B5C5-70C7-4B8B-B1AE-D529B320C25D}"
EndProject
Project("{FAE04EC0-301F-11D3-BF4B-00C04F79EFBC}") = "Tyuiu.AgafonovKS.Sprint3.Task4.V14", "Tyuiu.AgafonovKS.Sprint3.Task4.V14\Tyuiu.AgafonovKS.Sprint3.Task4.V14.csproj", "{5F254C0C-9F2E-4C72-8D99-B9FA0A3DC96C}"
EndProject
Project("{FAE04EC0-301F-11D3-BF4B-00C04F79EFBC}") = "Tyuiu.AgafonovKS.Sprint3.Task4.V14.Lib", "Tyuiu.AgafonovKS.Sprint3.Task4.V14.Lib\Tyuiu.AgafonovKS.Sprint3.Task4.V14.Lib.csproj", "{A4DB0B01-413F-49AF-A8F9-2F2683460776}"
EndProject
Project("{FAE04EC0-301F-11D3-BF4B-00C04F79EFBC}") = "Tyuiu.AgafonovKS.Sprint3.Task4.V14.Test", "Tyuiu.AgafonovKS.Sprint3.Task4.V14.Test\Tyuiu.AgafonovKS.Sprint3.Task4.V14.Test.csproj", "{7F2DD77E-7E57-4200-8D6F-3316A9D7858A}"
EndProject
Project("{2150E333-8FDC-42A3-9474-1A3956D46DE8}") = "Task5", "Task5", "{0D9CF5B1-6E6C-4548-9AF8-0636FDA83B1A}"
EndProject
Project("{FAE04EC0-301F-11D3-BF4B-00C04F79EFBC}") = "Tyuiu.AgafonovKS.Sprint3.Task5.V10", "Tyuiu.AgafonovKS.Sprint3.Task5.V10\Tyuiu.AgafonovKS.Sprint3.Task5.V10.csproj", "{DB3882A7-5D74-4B97-BF79-49AB9DEED702}"
EndProject
Project("{FAE04EC0-301F-11D3-BF4B-00C04F79EFBC}") = "Tyuiu.AgafonovKS.Sprint3.Task5.V10.Lib", "Tyuiu.AgafonovKS.Sprint3.Task5.V10.Lib\Tyuiu.AgafonovKS.Sprint3.Task5.V10.Lib.csproj", "{66ED623B-2F1F-4821-B3EF-AF4F72D82819}"
EndProject
Project("{FAE04EC0-301F-11D3-BF4B-00C04F79EFBC}") = "Tyuiu.AgafonovKS.Sprint3.Task5.V10.Test", "Tyuiu.AgafonovKS.Sprint3.Task5.V10.Test\Tyuiu.AgafonovKS.Sprint3.Task5.V10.Test.csproj", "{058E5C7E-9B80-4AA5-93A6-4512C847DD0B}"
EndProject
Global
	GlobalSection(SolutionConfigurationPlatforms) = preSolution
		Debug|Any CPU = Debug|Any CPU
		Release|Any CPU = Release|Any CPU
	EndGlobalSection
	GlobalSection(ProjectConfigurationPlatforms) = postSolution
		{E7E0879A-DB82-46F9-964A-CA966A0B3C51}.Debug|Any CPU.ActiveCfg = Debug|Any CPU
		{E7E0879A-DB82-46F9-964A-CA966A0B3C51}.Debug|Any CPU.Build.0 = Debug|Any CPU
		{E7E0879A-DB82-46F9-964A-CA966A0B3C51}.Release|Any CPU.ActiveCfg = Release|Any CPU
		{E7E0879A-DB82-46F9-964A-CA966A0B3C51}.Release|Any CPU.Build.0 = Release|Any CPU
		{E56EF0D1-6967-4596-B3B5-B8E97CE2FC2B}.Debug|Any CPU.ActiveCfg = Debug|Any CPU
		{E56EF0D1-6967-4596-B3B5-B8E97CE2FC2B}.Debug|Any CPU.Build.0 = Debug|Any CPU
		{E56EF0D1-6967-4596-B3B5-B8E97CE2FC2B}.Release|Any CPU.ActiveCfg = Release|Any CPU
		{E56EF0D1-6967-4596-B3B5-B8E97CE2FC2B}.Release|Any CPU.Build.0 = Release|Any CPU
		{67AFEA1F-79B0-4BBA-9756-1FE2672AFF2D}.Debug|Any CPU.ActiveCfg = Debug|Any CPU
		{67AFEA1F-79B0-4BBA-9756-1FE2672AFF2D}.Debug|Any CPU.Build.0 = Debug|Any CPU
		{67AFEA1F-79B0-4BBA-9756-1FE2672AFF2D}.Release|Any CPU.ActiveCfg = Release|Any CPU
		{67AFEA1F-79B0-4BBA-9756-1FE2672AFF2D}.Release|Any CPU.Build.0 = Release|Any CPU
		{8DE73301-2DBA-47BE-B819-0386416BA1BA}.Debug|Any CPU.ActiveCfg = Debug|Any CPU
		{8DE73301-2DBA-47BE-B819-0386416BA1BA}.Debug|Any CPU.Build.0 = Debug|Any CPU
		{8DE73301-2DBA-47BE-B819-0386416BA1BA}.Release|Any CPU.ActiveCfg = Release|Any CPU
		{8DE73301-2DBA-47BE-B819-0386416BA1BA}.Release|Any CPU.Build.0 = Release|Any CPU
		{F07CE9CA-7FC0-424D-8D34-EA91FCA9F925}.Debug|Any CPU.ActiveCfg = Debug|Any CPU
		{F07CE9CA-7FC0-424D-8D34-EA91FCA9F925}.Debug|Any CPU.Build.0 = Debug|Any CPU
		{F07CE9CA-7FC0-424D-8D34-EA91FCA9F925}.Release|Any CPU.ActiveCfg = Release|Any CPU
		{F07CE9CA-7FC0-424D-8D34-EA91FCA9F925}.Release|Any CPU.Build.0 = Release|Any CPU
		{C4A57114-0661-4C0C-A8D9-6B1F55A81A32}.Debug|Any CPU.ActiveCfg = Debug|Any CPU
		{C4A57114-0661-4C0C-A8D9-6B1F55A81A32}.Debug|Any CPU.Build.0 = Debug|Any CPU
		{C4A57114-0661-4C0C-A8D9-6B1F55A81A32}.Release|Any CPU.ActiveCfg = Release|Any CPU
		{C4A57114-0661-4C0C-A8D9-6B1F55A81A32}.Release|Any CPU.Build.0 = Release|Any CPU
		{73A40129-C353-41CA-946E-010DFD481D7B}.Debug|Any CPU.ActiveCfg = Debug|Any CPU
		{73A40129-C353-41CA-946E-010DFD481D7B}.Debug|Any CPU.Build.0 = Debug|Any CPU
		{73A40129-C353-41CA-946E-010DFD481D7B}.Release|Any CPU.ActiveCfg = Release|Any CPU
		{73A40129-C353-41CA-946E-010DFD481D7B}.Release|Any CPU.Build.0 = Release|Any CPU
		{2E07E544-EC59-4316-833D-C18A81A165ED}.Debug|Any CPU.ActiveCfg = Debug|Any CPU
		{2E07E544-EC59-4316-833D-C18A81A165ED}.Debug|Any CPU.Build.0 = Debug|Any CPU
		{2E07E544-EC59-4316-833D-C18A81A165ED}.Release|Any CPU.ActiveCfg = Release|Any CPU
		{2E07E544-EC59-4316-833D-C18A81A165ED}.Release|Any CPU.Build.0 = Release|Any CPU
		{3C5666DE-49C2-4BB4-8E3A-A8BEEAEC7EA3}.Debug|Any CPU.ActiveCfg = Debug|Any CPU
		{3C5666DE-49C2-4BB4-8E3A-A8BEEAEC7EA3}.Debug|Any CPU.Build.0 = Debug|Any CPU
		{3C5666DE-49C2-4BB4-8E3A-A8BEEAEC7EA3}.Release|Any CPU.ActiveCfg = Release|Any CPU
		{3C5666DE-49C2-4BB4-8E3A-A8BEEAEC7EA3}.Release|Any CPU.Build.0 = Release|Any CPU
		{7F31B581-0B50-496F-AD14-41D4962D1214}.Debug|Any CPU.ActiveCfg = Debug|Any CPU
		{7F31B581-0B50-496F-AD14-41D4962D1214}.Debug|Any CPU.Build.0 = Debug|Any CPU
		{7F31B581-0B50-496F-AD14-41D4962D1214}.Release|Any CPU.ActiveCfg = Release|Any CPU
		{7F31B581-0B50-496F-AD14-41D4962D1214}.Release|Any CPU.Build.0 = Release|Any CPU
		{85DB8835-DC26-4D5D-86AD-CBB2C11C892C}.Debug|Any CPU.ActiveCfg = Debug|Any CPU
		{85DB8835-DC26-4D5D-86AD-CBB2C11C892C}.Debug|Any CPU.Build.0 = Debug|Any CPU
		{85DB8835-DC26-4D5D-86AD-CBB2C11C892C}.Release|Any CPU.ActiveCfg = Release|Any CPU
		{85DB8835-DC26-4D5D-86AD-CBB2C11C892C}.Release|Any CPU.Build.0 = Release|Any CPU
		{7E4BECE1-CDFA-4F5C-BE13-8A8D952BBA47}.Debug|Any CPU.ActiveCfg = Debug|Any CPU
		{7E4BECE1-CDFA-4F5C-BE13-8A8D952BBA47}.Debug|Any CPU.Build.0 = Debug|Any CPU
		{7E4BECE1-CDFA-4F5C-BE13-8A8D952BBA47}.Release|Any CPU.ActiveCfg = Release|Any CPU
		{7E4BECE1-CDFA-4F5C-BE13-8A8D952BBA47}.Release|Any CPU.Build.0 = Release|Any CPU
		{5F254C0C-9F2E-4C72-8D99-B9FA0A3DC96C}.Debug|Any CPU.ActiveCfg = Debug|Any CPU
		{5F254C0C-9F2E-4C72-8D99-B9FA0A3DC96C}.Debug|Any CPU.Build.0 = Debug|Any CPU
		{5F254C0C-9F2E-4C72-8D99-B9FA0A3DC96C}.Release|Any CPU.ActiveCfg = Release|Any CPU
		{5F254C0C-9F2E-4C72-8D99-B9FA0A3DC96C}.Release|Any CPU.Build.0 = Release|Any CPU
		{A4DB0B01-413F-49AF-A8F9-2F2683460776}.Debug|Any CPU.ActiveCfg = Debug|Any CPU
		{A4DB0B01-413F-49AF-A8F9-2F2683460776}.Debug|Any CPU.Build.0 = Debug|Any CPU
		{A4DB0B01-413F-49AF-A8F9-2F2683460776}.Release|Any CPU.ActiveCfg = Release|Any CPU
		{A4DB0B01-413F-49AF-A8F9-2F2683460776}.Release|Any CPU.Build.0 = Release|Any CPU
		{7F2DD77E-7E57-4200-8D6F-3316A9D7858A}.Debug|Any CPU.ActiveCfg = Debug|Any CPU
		{7F2DD77E-7E57-4200-8D6F-3316A9D7858A}.Debug|Any CPU.Build.0 = Debug|Any CPU
		{7F2DD77E-7E57-4200-8D6F-3316A9D7858A}.Release|Any CPU.ActiveCfg = Release|Any CPU
		{7F2DD77E-7E57-4200-8D6F-3316A9D7858A}.Release|Any CPU.Build.0 = Release|Any CPU
		{DB3882A7-5D74-4B97-BF79-49AB9DEED702}.Debug|Any CPU.ActiveCfg = Debug|Any CPU
		{DB3882A7-5D74-4B97-BF79-49AB9DEED702}.Debug|Any CPU.Build.0 = Debug|Any CPU
		{DB3882A7-5D74-4B97-BF79-49AB9DEED702}.Release|Any CPU.ActiveCfg = Release|Any CPU
		{DB3882A7-5D74-4B97-BF79-49AB9DEED702}.Release|Any CPU.Build.0 = Release|Any CPU
		{66ED623B-2F1F-4821-B3EF-AF4F72D82819}.Debug|Any CPU.ActiveCfg = Debug|Any CPU
		{66ED623B-2F1F-4821-B3EF-AF4F72D82819}.Debug|Any CPU.Build.0 = Debug|Any CPU
		{66ED623B-2F1F-4821-B3EF-AF4F72D82819}.Release|Any CPU.ActiveCfg = Release|Any CPU
		{66ED623B-2F1F-4821-B3EF-AF4F72D82819}.Release|Any CPU.Build.0 = Release|Any CPU
		{058E5C7E-9B80-4AA5-93A6-4512C847DD0B}.Debug|Any CPU.ActiveCfg = Debug|Any CPU
		{058E5C7E-9B80-4AA5-93A6-4512C847DD0B}.Debug|Any CPU.Build.0 = Debug|Any CPU
		{058E5C7E-9B80-4AA5-93A6-4512C847DD0B}.Release|Any CPU.ActiveCfg = Release|Any CPU
		{058E5C7E-9B80-4AA5-93A6-4512C847DD0B}.Release|Any CPU.Build.0 = Release|Any CPU
	EndGlobalSection
	GlobalSection(SolutionProperties) = preSolution
		HideSolutionNode = FALSE
	EndGlobalSection
	GlobalSection(NestedProjects) = preSolution
		{E7E0879A-DB82-46F9-964A-CA966A0B3C51} = {B7A1319E-DF42-4193-93D9-E0C46A9F8660}
		{E56EF0D1-6967-4596-B3B5-B8E97CE2FC2B} = {B7A1319E-DF42-4193-93D9-E0C46A9F8660}
		{67AFEA1F-79B0-4BBA-9756-1FE2672AFF2D} = {B7A1319E-DF42-4193-93D9-E0C46A9F8660}
		{8DE73301-2DBA-47BE-B819-0386416BA1BA} = {6374926C-8CFA-4244-8EF8-2B8DD8C436E5}
		{F07CE9CA-7FC0-424D-8D34-EA91FCA9F925} = {6374926C-8CFA-4244-8EF8-2B8DD8C436E5}
		{C4A57114-0661-4C0C-A8D9-6B1F55A81A32} = {6374926C-8CFA-4244-8EF8-2B8DD8C436E5}
		{73A40129-C353-41CA-946E-010DFD481D7B} = {91F32380-C353-4A94-A870-D2168AA81470}
		{2E07E544-EC59-4316-833D-C18A81A165ED} = {91F32380-C353-4A94-A870-D2168AA81470}
		{3C5666DE-49C2-4BB4-8E3A-A8BEEAEC7EA3} = {91F32380-C353-4A94-A870-D2168AA81470}
		{7F31B581-0B50-496F-AD14-41D4962D1214} = {7EA620B5-7535-4536-8872-560B2455C7AA}
		{85DB8835-DC26-4D5D-86AD-CBB2C11C892C} = {7EA620B5-7535-4536-8872-560B2455C7AA}
		{7E4BECE1-CDFA-4F5C-BE13-8A8D952BBA47} = {7EA620B5-7535-4536-8872-560B2455C7AA}
		{5F254C0C-9F2E-4C72-8D99-B9FA0A3DC96C} = {7CE7B5C5-70C7-4B8B-B1AE-D529B320C25D}
		{A4DB0B01-413F-49AF-A8F9-2F2683460776} = {7CE7B5C5-70C7-4B8B-B1AE-D529B320C25D}
		{7F2DD77E-7E57-4200-8D6F-3316A9D7858A} = {7CE7B5C5-70C7-4B8B-B1AE-D529B320C25D}
		{DB3882A7-5D74-4B97-BF79-49AB9DEED702} = {0D9CF5B1-6E6C-4548-9AF8-0636FDA83B1A}
		{66ED623B-2F1F-4821-B3EF-AF4F72D82819} = {0D9CF5B1-6E6C-4548-9AF8-0636FDA83B1A}
		{058E5C7E-9B80-4AA5-93A6-4512C847DD0B} = {0D9CF5B1-6E6C-4548-9AF8-0636FDA83B1A}
	EndGlobalSection
	GlobalSection(ExtensibilityGlobals) = postSolution
		SolutionGuid = {AF17FFBA-7712-46A8-A37F-F2F29B630A14}
	EndGlobalSection
EndGlobal
